{
  "name": "glasscamp9d1aaec0",
  "version": "2.0.0",
  "lockfileVersion": 3,
  "requires": true,
  "packages": {
    "": {
      "name": "glasscamp9d1aaec0",
      "version": "2.0.0",
      "license": "Apache-2.0",
      "devDependencies": {
        "@types/aws-lambda": "^8.10.92"
      }
    },
    "node_modules/@types/aws-lambda": {
      "version": "8.10.129",
      "resolved": "https://registry.npmjs.org/@types/aws-lambda/-/aws-lambda-8.10.129.tgz",
      "integrity": "sha512-0Rl7CpTPVws5cp0Ui1gZh4Q+TXC65bXVwTOGoI2RKW45dxWzyZGbjIX0uFjFYdIJ8vnD45y584rIIqvD2vBBfQ==",
      "dev": true
    }
  }
}
